
Microsoft Visual Studio Solution File, Format Version 12.00
# Visual Studio 15
VisualStudioVersion = 15.0.27130.2036
MinimumVisualStudioVersion = 10.0.40219.1
Project("{FAE04EC0-301F-11D3-BF4B-00C04F79EFBC}") = "FinalAssignment", "FinalAssignment\FinalAssignment.csproj", "{B6B399A6-FA81-4CF1-8933-F821F91E34D6}"
EndProject
Project("{FAE04EC0-301F-11D3-BF4B-00C04F79EFBC}") = "FinalAssignmentWeb", "FinalAssignmentWeb\FinalAssignmentWeb.csproj", "{3598FF8F-12CC-45D0-A8C6-276220EDB8AF}"
EndProject
Project("{FAE04EC0-301F-11D3-BF4B-00C04F79EFBC}") = "Common", "Common\Common.csproj", "{67FB9F0C-F66F-4F16-B88F-6D8CB7219470}"
EndProject
Project("{FAE04EC0-301F-11D3-BF4B-00C04F79EFBC}") = "Testing", "Testing\Testing.csproj", "{D39088C7-B591-4350-8CA5-377F08B998B6}"
EndProject
Global
	GlobalSection(SolutionConfigurationPlatforms) = preSolution
		Debug|Any CPU = Debug|Any CPU
		Release|Any CPU = Release|Any CPU
	EndGlobalSection
	GlobalSection(ProjectConfigurationPlatforms) = postSolution
		{B6B399A6-FA81-4CF1-8933-F821F91E34D6}.Debug|Any CPU.ActiveCfg = Debug|Any CPU
		{B6B399A6-FA81-4CF1-8933-F821F91E34D6}.Debug|Any CPU.Build.0 = Debug|Any CPU
		{B6B399A6-FA81-4CF1-8933-F821F91E34D6}.Debug|Any CPU.Deploy.0 = Debug|Any CPU
		{B6B399A6-FA81-4CF1-8933-F821F91E34D6}.Release|Any CPU.ActiveCfg = Release|Any CPU
		{B6B399A6-FA81-4CF1-8933-F821F91E34D6}.Release|Any CPU.Build.0 = Release|Any CPU
		{B6B399A6-FA81-4CF1-8933-F821F91E34D6}.Release|Any CPU.Deploy.0 = Release|Any CPU
		{3598FF8F-12CC-45D0-A8C6-276220EDB8AF}.Debug|Any CPU.ActiveCfg = Debug|Any CPU
		{3598FF8F-12CC-45D0-A8C6-276220EDB8AF}.Debug|Any CPU.Build.0 = Debug|Any CPU
		{3598FF8F-12CC-45D0-A8C6-276220EDB8AF}.Release|Any CPU.ActiveCfg = Release|Any CPU
		{3598FF8F-12CC-45D0-A8C6-276220EDB8AF}.Release|Any CPU.Build.0 = Release|Any CPU
		{67FB9F0C-F66F-4F16-B88F-6D8CB7219470}.Debug|Any CPU.ActiveCfg = Debug|Any CPU
		{67FB9F0C-F66F-4F16-B88F-6D8CB7219470}.Debug|Any CPU.Build.0 = Debug|Any CPU
		{67FB9F0C-F66F-4F16-B88F-6D8CB7219470}.Release|Any CPU.ActiveCfg = Release|Any CPU
		{67FB9F0C-F66F-4F16-B88F-6D8CB7219470}.Release|Any CPU.Build.0 = Release|Any CPU
		{D39088C7-B591-4350-8CA5-377F08B998B6}.Debug|Any CPU.ActiveCfg = Debug|Any CPU
		{D39088C7-B591-4350-8CA5-377F08B998B6}.Debug|Any CPU.Build.0 = Debug|Any CPU
		{D39088C7-B591-4350-8CA5-377F08B998B6}.Release|Any CPU.ActiveCfg = Release|Any CPU
		{D39088C7-B591-4350-8CA5-377F08B998B6}.Release|Any CPU.Build.0 = Release|Any CPU
	EndGlobalSection
	GlobalSection(SolutionProperties) = preSolution
		HideSolutionNode = FALSE
	EndGlobalSection
	GlobalSection(ExtensibilityGlobals) = postSolution
		SolutionGuid = {9B4F78F1-9E30-4FD5-8262-4E62A7359E83}
	EndGlobalSection
EndGlobal
